
Microsoft Visual Studio Solution File, Format Version 12.00
# Visual Studio 15
VisualStudioVersion = 15.0.27130.2024
MinimumVisualStudioVersion = 10.0.40219.1
Project("{FAE04EC0-301F-11D3-BF4B-00C04F79EFBC}") = "Params", "Params\Params.csproj", "{12EAD177-75A4-4F12-B441-3B94B54FA226}"
EndProject
Global
	GlobalSection(SolutionConfigurationPlatforms) = preSolution
		Debug|Any CPU = Debug|Any CPU
		Release|Any CPU = Release|Any CPU
	EndGlobalSection
	GlobalSection(ProjectConfigurationPlatforms) = postSolution
		{12EAD177-75A4-4F12-B441-3B94B54FA226}.Debug|Any CPU.ActiveCfg = Debug|Any CPU
		{12EAD177-75A4-4F12-B441-3B94B54FA226}.Debug|Any CPU.Build.0 = Debug|Any CPU
		{12EAD177-75A4-4F12-B441-3B94B54FA226}.Release|Any CPU.ActiveCfg = Release|Any CPU
		{12EAD177-75A4-4F12-B441-3B94B54FA226}.Release|Any CPU.Build.0 = Release|Any CPU
	EndGlobalSection
	GlobalSection(SolutionProperties) = preSolution
		HideSolutionNode = FALSE
	EndGlobalSection
	GlobalSection(ExtensibilityGlobals) = postSolution
		SolutionGuid = {64EAE650-1752-44E7-8369-6ADBC5A94B40}
	EndGlobalSection
EndGlobal
