
Microsoft Visual Studio Solution File, Format Version 12.00
# Visual Studio 15
VisualStudioVersion = 15.0.27428.2027
MinimumVisualStudioVersion = 10.0.40219.1
Project("{FAE04EC0-301F-11D3-BF4B-00C04F79EFBC}") = "FindJobsFast", "FindJobsFast\FindJobsFast.csproj", "{A883C673-9D01-44E1-88D6-6820B6F29468}"
EndProject
Global
	GlobalSection(SolutionConfigurationPlatforms) = preSolution
		Debug|Any CPU = Debug|Any CPU
		Release|Any CPU = Release|Any CPU
	EndGlobalSection
	GlobalSection(ProjectConfigurationPlatforms) = postSolution
		{A883C673-9D01-44E1-88D6-6820B6F29468}.Debug|Any CPU.ActiveCfg = Debug|Any CPU
		{A883C673-9D01-44E1-88D6-6820B6F29468}.Debug|Any CPU.Build.0 = Debug|Any CPU
		{A883C673-9D01-44E1-88D6-6820B6F29468}.Release|Any CPU.ActiveCfg = Release|Any CPU
		{A883C673-9D01-44E1-88D6-6820B6F29468}.Release|Any CPU.Build.0 = Release|Any CPU
	EndGlobalSection
	GlobalSection(SolutionProperties) = preSolution
		HideSolutionNode = FALSE
	EndGlobalSection
	GlobalSection(ExtensibilityGlobals) = postSolution
		SolutionGuid = {8B28A55E-FD31-4759-A7FA-2FE70914FB53}
	EndGlobalSection
EndGlobal
